
Microsoft Visual Studio Solution File, Format Version 12.00
# Visual Studio Version 17
VisualStudioVersion = 17.13.35825.156 d17.13
MinimumVisualStudioVersion = 10.0.40219.1
Project("{FAE04EC0-301F-11D3-BF4B-00C04F79EFBC}") = "EmployeeManagementSystem", "EmployeeManagementSystem\EmployeeManagementSystem.csproj", "{248F6189-91EB-42C7-887D-53228E7CF559}"
EndProject
Global
	GlobalSection(SolutionConfigurationPlatforms) = preSolution
		Debug|Any CPU = Debug|Any CPU
		Release|Any CPU = Release|Any CPU
	EndGlobalSection
	GlobalSection(ProjectConfigurationPlatforms) = postSolution
		{248F6189-91EB-42C7-887D-53228E7CF559}.Debug|Any CPU.ActiveCfg = Debug|Any CPU
		{248F6189-91EB-42C7-887D-53228E7CF559}.Debug|Any CPU.Build.0 = Debug|Any CPU
		{248F6189-91EB-42C7-887D-53228E7CF559}.Release|Any CPU.ActiveCfg = Release|Any CPU
		{248F6189-91EB-42C7-887D-53228E7CF559}.Release|Any CPU.Build.0 = Release|Any CPU
	EndGlobalSection
	GlobalSection(SolutionProperties) = preSolution
		HideSolutionNode = FALSE
	EndGlobalSection
	GlobalSection(ExtensibilityGlobals) = postSolution
		SolutionGuid = {73FDB07C-D262-4EA8-8C88-1A1F318DD2BA}
	EndGlobalSection
EndGlobal
